
Microsoft Visual Studio Solution File, Format Version 12.00
# Visual Studio Version 16
VisualStudioVersion = 16.0.31229.75
MinimumVisualStudioVersion = 10.0.40219.1
Project("{8BC9CEB8-8B4A-11D0-8D11-00A0C91BC942}") = "CourseLesson1", "CourseLesson1\CourseLesson1.vcxproj", "{1016811D-8F88-4EF8-BFDB-D88BE9CECB3B}"
EndProject
Global
	GlobalSection(SolutionConfigurationPlatforms) = preSolution
		Debug|x64 = Debug|x64
		Debug|x86 = Debug|x86
		Release|x64 = Release|x64
		Release|x86 = Release|x86
	EndGlobalSection
	GlobalSection(ProjectConfigurationPlatforms) = postSolution
		{1016811D-8F88-4EF8-BFDB-D88BE9CECB3B}.Debug|x64.ActiveCfg = Debug|x64
		{1016811D-8F88-4EF8-BFDB-D88BE9CECB3B}.Debug|x64.Build.0 = Debug|x64
		{1016811D-8F88-4EF8-BFDB-D88BE9CECB3B}.Debug|x86.ActiveCfg = Debug|Win32
		{1016811D-8F88-4EF8-BFDB-D88BE9CECB3B}.Debug|x86.Build.0 = Debug|Win32
		{1016811D-8F88-4EF8-BFDB-D88BE9CECB3B}.Release|x64.ActiveCfg = Release|x64
		{1016811D-8F88-4EF8-BFDB-D88BE9CECB3B}.Release|x64.Build.0 = Release|x64
		{1016811D-8F88-4EF8-BFDB-D88BE9CECB3B}.Release|x86.ActiveCfg = Release|Win32
		{1016811D-8F88-4EF8-BFDB-D88BE9CECB3B}.Release|x86.Build.0 = Release|Win32
	EndGlobalSection
	GlobalSection(SolutionProperties) = preSolution
		HideSolutionNode = FALSE
	EndGlobalSection
	GlobalSection(ExtensibilityGlobals) = postSolution
		SolutionGuid = {09A450AB-191D-4D74-BC51-BB67EC874FE3}
	EndGlobalSection
EndGlobal
